
Microsoft Visual Studio Solution File, Format Version 12.00
# Visual Studio Version 16
VisualStudioVersion = 25.0.1703.6
MinimumVisualStudioVersion = 10.0.40219.1
Project("{FAE04EC0-301F-11D3-BF4B-00C04F79EFBC}") = "HomeAssignment", "HomeAssignment.csproj", "{8366151E-AD5B-40BE-A748-32B7122B70DD}"
EndProject
Global
	GlobalSection(SolutionConfigurationPlatforms) = preSolution
		Debug|Any CPU = Debug|Any CPU
		Release|Any CPU = Release|Any CPU
	EndGlobalSection
	GlobalSection(ProjectConfigurationPlatforms) = postSolution
		{8366151E-AD5B-40BE-A748-32B7122B70DD}.Debug|Any CPU.ActiveCfg = Debug|Any CPU
		{8366151E-AD5B-40BE-A748-32B7122B70DD}.Debug|Any CPU.Build.0 = Debug|Any CPU
		{8366151E-AD5B-40BE-A748-32B7122B70DD}.Release|Any CPU.ActiveCfg = Release|Any CPU
		{8366151E-AD5B-40BE-A748-32B7122B70DD}.Release|Any CPU.Build.0 = Release|Any CPU
	EndGlobalSection
	GlobalSection(SolutionProperties) = preSolution
		HideSolutionNode = FALSE
	EndGlobalSection
	GlobalSection(ExtensibilityGlobals) = postSolution
		SolutionGuid = {D5E27F60-167A-41D6-A9F9-6951CA30E30F}
	EndGlobalSection
EndGlobal
